// !$*UTF8*$!
{
	archiveVersion = 1;
	classes = {
	};
	objectVersion = 46;
	objects = {

/* Begin PBXBuildFile section */
		2B3D0F571C97B23200897426 /* main.m in Sources */ = {isa = PBXBuildFile; fileRef = 2B3D0F561C97B23200897426 /* main.m */; };
		2B3D0F5A1C97B23300897426 /* AppDelegate.m in Sources */ = {isa = PBXBuildFile; fileRef = 2B3D0F591C97B23300897426 /* AppDelegate.m */; };
		2B3D0F5D1C97B23300897426 /* ViewController.m in Sources */ = {isa = PBXBuildFile; fileRef = 2B3D0F5C1C97B23300897426 /* ViewController.m */; };
		2B3D0F601C97B23300897426 /* Main.storyboard in Resources */ = {isa = PBXBuildFile; fileRef = 2B3D0F5E1C97B23300897426 /* Main.storyboard */; };
		2B3D0F621C97B23300897426 /* Assets.xcassets in Resources */ = {isa = PBXBuildFile; fileRef = 2B3D0F611C97B23300897426 /* Assets.xcassets */; };
		2B3D0F651C97B23300897426 /* LaunchScreen.storyboard in Resources */ = {isa = PBXBuildFile; fileRef = 2B3D0F631C97B23300897426 /* LaunchScreen.storyboard */; };
		2B3D0F701C97B23300897426 /* SWBrowserTests.m in Sources */ = {isa = PBXBuildFile; fileRef = 2B3D0F6F1C97B23300897426 /* SWBrowserTests.m */; };
		2B3D0F7B1C97B23300897426 /* SWBrowserUITests.m in Sources */ = {isa = PBXBuildFile; fileRef = 2B3D0F7A1C97B23300897426 /* SWBrowserUITests.m */; };
/* End PBXBuildFile section */

/* Begin PBXContainerItemProxy section */
		2B3D0F6C1C97B23300897426 /* PBXContainerItemProxy */ = {
			isa = PBXContainerItemProxy;
			containerPortal = 2B3D0F4A1C97B23200897426 /* Project object */;
			proxyType = 1;
			remoteGlobalIDString = 2B3D0F511C97B23200897426;
			remoteInfo = SWBrowser;
		};
		2B3D0F771C97B23300897426 /* PBXContainerItemProxy */ = {
			isa = PBXContainerItemProxy;
			containerPortal = 2B3D0F4A1C97B23200897426 /* Project object */;
			proxyType = 1;
			remoteGlobalIDString = 2B3D0F511C97B23200897426;
			remoteInfo = SWBrowser;
		};
/* End PBXContainerItemProxy section */

/* Begin PBXFileReference section */
		2B3D0F521C97B23200897426 /* SWBrowser.app */ = {isa = PBXFileReference; explicitFileType = wrapper.application; includeInIndex = 0; path = SWBrowser.app; sourceTree = BUILT_PRODUCTS_DIR; };
		2B3D0F561C97B23200897426 /* main.m */ = {isa = PBXFileReference; lastKnownFileType = sourcecode.c.objc; path = main.m; sourceTree = "<group>"; };
		2B3D0F581C97B23300897426 /* AppDelegate.h */ = {isa = PBXFileReference; lastKnownFileType = sourcecode.c.h; path = AppDelegate.h; sourceTree = "<group>"; };
		2B3D0F591C97B23300897426 /* AppDelegate.m */ = {isa = PBXFileReference; lastKnownFileType = sourcecode.c.objc; path = AppDelegate.m; sourceTree = "<group>"; };
		2B3D0F5B1C97B23300897426 /* ViewController.h */ = {isa = PBXFileReference; lastKnownFileType = sourcecode.c.h; path = ViewController.h; sourceTree = "<group>"; };
		2B3D0F5C1C97B23300897426 /* ViewController.m */ = {isa = PBXFileReference; lastKnownFileType = sourcecode.c.objc; path = ViewController.m; sourceTree = "<group>"; };
		2B3D0F5F1C97B23300897426 /* Base */ = {isa = PBXFileReference; lastKnownFileType = file.storyboard; name = Base; path = Base.lproj/Main.storyboard; sourceTree = "<group>"; };
		2B3D0F611C97B23300897426 /* Assets.xcassets */ = {isa = PBXFileReference; lastKnownFileType = folder.assetcatalog; path = Assets.xcassets; sourceTree = "<group>"; };
		2B3D0F641C97B23300897426 /* Base */ = {isa = PBXFileReference; lastKnownFileType = file.storyboard; name = Base; path = Base.lproj/LaunchScreen.storyboard; sourceTree = "<group>"; };
		2B3D0F661C97B23300897426 /* Info.plist */ = {isa = PBXFileReference; lastKnownFileType = text.plist.xml; path = Info.plist; sourceTree = "<group>"; };
		2B3D0F6B1C97B23300897426 /* SWBrowserTests.xctest */ = {isa = PBXFileReference; explicitFileType = wrapper.cfbundle; includeInIndex = 0; path = SWBrowserTests.xctest; sourceTree = BUILT_PRODUCTS_DIR; };
		2B3D0F6F1C97B23300897426 /* SWBrowserTests.m */ = {isa = PBXFileReference; lastKnownFileType = sourcecode.c.objc; path = SWBrowserTests.m; sourceTree = "<group>"; };
		2B3D0F711C97B23300897426 /* Info.plist */ = {isa = PBXFileReference; lastKnownFileType = text.plist.xml; path = Info.plist; sourceTree = "<group>"; };
		2B3D0F761C97B23300897426 /* SWBrowserUITests.xctest */ = {isa = PBXFileReference; explicitFileType = wrapper.cfbundle; includeInIndex = 0; path = SWBrowserUITests.xctest; sourceTree = BUILT_PRODUCTS_DIR; };
		2B3D0F7A1C97B23300897426 /* SWBrowserUITests.m */ = {isa = PBXFileReference; lastKnownFileType = sourcecode.c.objc; path = SWBrowserUITests.m; sourceTree = "<group>"; };
		2B3D0F7C1C97B23300897426 /* Info.plist */ = {isa = PBXFileReference; lastKnownFileType = text.plist.xml; path = Info.plist; sourceTree = "<group>"; };
/* End PBXFileReference section */

/* Begin PBXFrameworksBuildPhase section */
		2B3D0F4F1C97B23200897426 /* Frameworks */ = {
			isa = PBXFrameworksBuildPhase;
			buildActionMask = 2147483647;
			files = (
			);
			runOnlyForDeploymentPostprocessing = 0;
		};
		2B3D0F681C97B23300897426 /* Frameworks */ = {
			isa = PBXFrameworksBuildPhase;
			buildActionMask = 2147483647;
			files = (
			);
			runOnlyForDeploymentPostprocessing = 0;
		};
		2B3D0F731C97B23300897426 /* Frameworks */ = {
			isa = PBXFrameworksBuildPhase;
			buildActionMask = 2147483647;
			files = (
			);
			runOnlyForDeploymentPostprocessing = 0;
		};
/* End PBXFrameworksBuildPhase section */

/* Begin PBXGroup section */
		2B3D0F491C97B23200897426 = {
			isa = PBXGroup;
			children = (
				2B3D0F541C97B23200897426 /* SWBrowser */,
				2B3D0F6E1C97B23300897426 /* SWBrowserTests */,
				2B3D0F791C97B23300897426 /* SWBrowserUITests */,
				2B3D0F531C97B23200897426 /* Products */,
			);
			sourceTree = "<group>";
		};
		2B3D0F531C97B23200897426 /* Products */ = {
			isa = PBXGroup;
			children = (
				2B3D0F521C97B23200897426 /* SWBrowser.app */,
				2B3D0F6B1C97B23300897426 /* SWBrowserTests.xctest */,
				2B3D0F761C97B23300897426 /* SWBrowserUITests.xctest */,
			);
			name = Products;
			sourceTree = "<group>";
		};
		2B3D0F541C97B23200897426 /* SWBrowser */ = {
			isa = PBXGroup;
			children = (
				2B3D0F581C97B23300897426 /* AppDelegate.h */,
				2B3D0F591C97B23300897426 /* AppDelegate.m */,
				2B3D0F5B1C97B23300897426 /* ViewController.h */,
				2B3D0F5C1C97B23300897426 /* ViewController.m */,
				2B3D0F5E1C97B23300897426 /* Main.storyboard */,
				2B3D0F611C97B23300897426 /* Assets.xcassets */,
				2B3D0F631C97B23300897426 /* LaunchScreen.storyboard */,
				2B3D0F661C97B23300897426 /* Info.plist */,
				2B3D0F551C97B23200897426 /* Supporting Files */,
			);
			path = SWBrowser;
			sourceTree = "<group>";
		};
		2B3D0F551C97B23200897426 /* Supporting Files */ = {
			isa = PBXGroup;
			children = (
				2B3D0F561C97B23200897426 /* main.m */,
			);
			name = "Supporting Files";
			sourceTree = "<group>";
		};
		2B3D0F6E1C97B23300897426 /* SWBrowserTests */ = {
			isa = PBXGroup;
			children = (
				2B3D0F6F1C97B23300897426 /* SWBrowserTests.m */,
				2B3D0F711C97B23300897426 /* Info.plist */,
			);
			path = SWBrowserTests;
			sourceTree = "<group>";
		};
		2B3D0F791C97B23300897426 /* SWBrowserUITests */ = {
			isa = PBXGroup;
			children = (
				2B3D0F7A1C97B23300897426 /* SWBrowserUITests.m */,
				2B3D0F7C1C97B23300897426 /* Info.plist */,
			);
			path = SWBrowserUITests;
			sourceTree = "<group>";
		};
/* End PBXGroup section */

/* Begin PBXNativeTarget section */
		2B3D0F511C97B23200897426 /* SWBrowser */ = {
			isa = PBXNativeTarget;
			buildConfigurationList = 2B3D0F7F1C97B23300897426 /* Build configuration list for PBXNativeTarget "SWBrowser" */;
			buildPhases = (
				2B3D0F4E1C97B23200897426 /* Sources */,
				2B3D0F4F1C97B23200897426 /* Frameworks */,
				2B3D0F501C97B23200897426 /* Resources */,
			);
			buildRules = (
			);
			dependencies = (
			);
			name = SWBrowser;
			productName = SWBrowser;
			productReference = 2B3D0F521C97B23200897426 /* SWBrowser.app */;
			productType = "com.apple.product-type.application";
		};
		2B3D0F6A1C97B23300897426 /* SWBrowserTests */ = {
			isa = PBXNativeTarget;
			buildConfigurationList = 2B3D0F821C97B23300897426 /* Build configuration list for PBXNativeTarget "SWBrowserTests" */;
			buildPhases = (
				2B3D0F671C97B23300897426 /* Sources */,
				2B3D0F681C97B23300897426 /* Frameworks */,
				2B3D0F691C97B23300897426 /* Resources */,
			);
			buildRules = (
			);
			dependencies = (
				2B3D0F6D1C97B23300897426 /* PBXTargetDependency */,
			);
			name = SWBrowserTests;
			productName = SWBrowserTests;
			productReference = 2B3D0F6B1C97B23300897426 /* SWBrowserTests.xctest */;
			productType = "com.apple.product-type.bundle.unit-test";
		};
		2B3D0F751C97B23300897426 /* SWBrowserUITests */ = {
			isa = PBXNativeTarget;
			buildConfigurationList = 2B3D0F851C97B23300897426 /* Build configuration list for PBXNativeTarget "SWBrowserUITests" */;
			buildPhases = (
				2B3D0F721C97B23300897426 /* Sources */,
				2B3D0F731C97B23300897426 /* Frameworks */,
				2B3D0F741C97B23300897426 /* Resources */,
			);
			buildRules = (
			);
			dependencies = (
				2B3D0F781C97B23300897426 /* PBXTargetDependency */,
			);
			name = SWBrowserUITests;
			productName = SWBrowserUITests;
			productReference = 2B3D0F761C97B23300897426 /* SWBrowserUITests.xctest */;
			productType = "com.apple.product-type.bundle.ui-testing";
		};
/* End PBXNativeTarget section */

/* Begin PBXProject section */
		2B3D0F4A1C97B23200897426 /* Project object */ = {
			isa = PBXProject;
			attributes = {
				LastUpgradeCheck = 0720;
				ORGANIZATIONNAME = shiwenwen;
				TargetAttributes = {
					2B3D0F511C97B23200897426 = {
						CreatedOnToolsVersion = 7.2;
					};
					2B3D0F6A1C97B23300897426 = {
						CreatedOnToolsVersion = 7.2;
						TestTargetID = 2B3D0F511C97B23200897426;
					};
					2B3D0F751C97B23300897426 = {
						CreatedOnToolsVersion = 7.2;
						TestTargetID = 2B3D0F511C97B23200897426;
					};
				};
			};
			buildConfigurationList = 2B3D0F4D1C97B23200897426 /* Build configuration list for PBXProject "SWBrowser" */;
			compatibilityVersion = "Xcode 3.2";
			developmentRegion = English;
			hasScannedForEncodings = 0;
			knownRegions = (
				en,
				Base,
			);
			mainGroup = 2B3D0F491C97B23200897426;
			productRefGroup = 2B3D0F531C97B23200897426 /* Products */;
			projectDirPath = "";
			projectRoot = "";
			targets = (
				2B3D0F511C97B23200897426 /* SWBrowser */,
				2B3D0F6A1C97B23300897426 /* SWBrowserTests */,
				2B3D0F751C97B23300897426 /* SWBrowserUITests */,
			);
		};
/* End PBXProject section */

/* Begin PBXResourcesBuildPhase section */
		2B3D0F501C97B23200897426 /* Resources */ = {
			isa = PBXResourcesBuildPhase;
			buildActionMask = 2147483647;
			files = (
				2B3D0F651C97B23300897426 /* LaunchScreen.storyboard in Resources */,
				2B3D0F621C97B23300897426 /* Assets.xcassets in Resources */,
				2B3D0F601C97B23300897426 /* Main.storyboard in Resources */,
			);
			runOnlyForDeploymentPostprocessing = 0;
		};
		2B3D0F691C97B23300897426 /* Resources */ = {
			isa = PBXResourcesBuildPhase;
			buildActionMask = 2147483647;
			files = (
			);
			runOnlyForDeploymentPostprocessing = 0;
		};
		2B3D0F741C97B23300897426 /* Resources */ = {
			isa = PBXResourcesBuildPhase;
			buildActionMask = 2147483647;
			files = (
			);
			runOnlyForDeploymentPostprocessing = 0;
		};
/* End PBXResourcesBuildPhase section */

/* Begin PBXSourcesBuildPhase section */
		2B3D0F4E1C97B23200897426 /* Sources */ = {
			isa = PBXSourcesBuildPhase;
			buildActionMask = 2147483647;
			files = (
				2B3D0F5D1C97B23300897426 /* ViewController.m in Sources */,
				2B3D0F5A1C97B23300897426 /* AppDelegate.m in Sources */,
				2B3D0F571C97B23200897426 /* main.m in Sources */,
			);
			runOnlyForDeploymentPostprocessing = 0;
		};
		2B3D0F671C97B23300897426 /* Sources */ = {
			isa = PBXSourcesBuildPhase;
			buildActionMask = 2147483647;
			files = (
				2B3D0F701C97B23300897426 /* SWBrowserTests.m in Sources */,
			);
			runOnlyForDeploymentPostprocessing = 0;
		};
		2B3D0F721C97B23300897426 /* Sources */ = {
			isa = PBXSourcesBuildPhase;
			buildActionMask = 2147483647;
			files = (
				2B3D0F7B1C97B23300897426 /* SWBrowserUITests.m in Sources */,
			);
			runOnlyForDeploymentPostprocessing = 0;
		};
/* End PBXSourcesBuildPhase section */

/* Begin PBXTargetDependency section */
		2B3D0F6D1C97B23300897426 /* PBXTargetDependency */ = {
			isa = PBXTargetDependency;
			target = 2B3D0F511C97B23200897426 /* SWBrowser */;
			targetProxy = 2B3D0F6C1C97B23300897426 /* PBXContainerItemProxy */;
		};
		2B3D0F781C97B23300897426 /* PBXTargetDependency */ = {
			isa = PBXTargetDependency;
			target = 2B3D0F511C97B23200897426 /* SWBrowser */;
			targetProxy = 2B3D0F771C97B23300897426 /* PBXContainerItemProxy */;
		};
/* End PBXTargetDependency section */

/* Begin PBXVariantGroup section */
		2B3D0F5E1C97B23300897426 /* Main.storyboard */ = {
			isa = PBXVariantGroup;
			children = (
				2B3D0F5F1C97B23300897426 /* Base */,
			);
			name = Main.storyboard;
			sourceTree = "<group>";
		};
		2B3D0F631C97B23300897426 /* LaunchScreen.storyboard */ = {
			isa = PBXVariantGroup;
			children = (
				2B3D0F641C97B23300897426 /* Base */,
			);
			name = LaunchScreen.storyboard;
			sourceTree = "<group>";
		};
/* End PBXVariantGroup section */

/* Begin XCBuildConfiguration section */
		2B3D0F7D1C97B23300897426 /* Debug */ = {
			isa = XCBuildConfiguration;
			buildSettings = {
				ALWAYS_SEARCH_USER_PATHS = NO;
				CLANG_CXX_LANGUAGE_STANDARD = "gnu++0x";
				CLANG_CXX_LIBRARY = "libc++";
				CLANG_ENABLE_MODULES = YES;
				CLANG_ENABLE_OBJC_ARC = YES;
				CLANG_WARN_BOOL_CONVERSION = YES;
				CLANG_WARN_CONSTANT_CONVERSION = YES;
				CLANG_WARN_DIRECT_OBJC_ISA_USAGE = YES_ERROR;
				CLANG_WARN_EMPTY_BODY = YES;
				CLANG_WARN_ENUM_CONVERSION = YES;
				CLANG_WARN_INT_CONVERSION = YES;
				CLANG_WARN_OBJC_ROOT_CLASS = YES_ERROR;
				CLANG_WARN_UNREACHABLE_CODE = YES;
				CLANG_WARN__DUPLICATE_METHOD_MATCH = YES;
				"CODE_SIGN_IDENTITY[sdk=iphoneos*]" = "iPhone Developer";
				COPY_PHASE_STRIP = NO;
				DEBUG_INFORMATION_FORMAT = dwarf;
				ENABLE_STRICT_OBJC_MSGSEND = YES;
				ENABLE_TESTABILITY = YES;
				GCC_C_LANGUAGE_STANDARD = gnu99;
				GCC_DYNAMIC_NO_PIC = NO;
				GCC_NO_COMMON_BLOCKS = YES;
				GCC_OPTIMIZATION_LEVEL = 0;
				GCC_PREPROCESSOR_DEFINITIONS = (
					"DEBUG=1",
					"$(inherited)",
				);
				GCC_WARN_64_TO_32_BIT_CONVERSION = YES;
				GCC_WARN_ABOUT_RETURN_TYPE = YES_ERROR;
				GCC_WARN_UNDECLARED_SELECTOR = YES;
				GCC_WARN_UNINITIALIZED_AUTOS = YES_AGGRESSIVE;
				GCC_WARN_UNUSED_FUNCTION = YES;
				GCC_WARN_UNUSED_VARIABLE = YES;
				IPHONEOS_DEPLOYMENT_TARGET = 9.2;
				MTL_ENABLE_DEBUG_INFO = YES;
				ONLY_ACTIVE_ARCH = YES;
				SDKROOT = iphoneos;
				TARGETED_DEVICE_FAMILY = "1,2";
			};
			name = Debug;
		};
		2B3D0F7E1C97B23300897426 /* Release */ = {
			isa = XCBuildConfiguration;
			buildSettings = {
				ALWAYS_SEARCH_USER_PATHS = NO;
				CLANG_CXX_LANGUAGE_STANDARD = "gnu++0x";
				CLANG_CXX_LIBRARY = "libc++";
				CLANG_ENABLE_MODULES = YES;
				CLANG_ENABLE_OBJC_ARC = YES;
				CLANG_WARN_BOOL_CONVERSION = YES;
				CLANG_WARN_CONSTANT_CONVERSION = YES;
				CLANG_WARN_DIRECT_OBJC_ISA_USAGE = YES_ERROR;
				CLANG_WARN_EMPTY_BODY = YES;
				CLANG_WARN_ENUM_CONVERSION = YES;
				CLANG_WARN_INT_CONVERSION = YES;
				CLANG_WARN_OBJC_ROOT_CLASS = YES_ERROR;
				CLANG_WARN_UNREACHABLE_CODE = YES;
				CLANG_WARN__DUPLICATE_METHOD_MATCH = YES;
				"CODE_SIGN_IDENTITY[sdk=iphoneos*]" = "iPhone Developer";
				COPY_PHASE_STRIP = NO;
				DEBUG_INFORMATION_FORMAT = "dwarf-with-dsym";
				ENABLE_NS_ASSERTIONS = NO;
				ENABLE_STRICT_OBJC_MSGSEND = YES;
				GCC_C_LANGUAGE_STANDARD = gnu99;
				GCC_NO_COMMON_BLOCKS = YES;
				GCC_WARN_64_TO_32_BIT_CONVERSION = YES;
				GCC_WARN_ABOUT_RETURN_TYPE = YES_ERROR;
				GCC_WARN_UNDECLARED_SELECTOR = YES;
				GCC_WARN_UNINITIALIZED_AUTOS = YES_AGGRESSIVE;
				GCC_WARN_UNUSED_FUNCTION = YES;
				GCC_WARN_UNUSED_VARIABLE = YES;
				IPHONEOS_DEPLOYMENT_TARGET = 9.2;
				MTL_ENABLE_DEBUG_INFO = NO;
				SDKROOT = iphoneos;
				TARGETED_DEVICE_FAMILY = "1,2";
				VALIDATE_PRODUCT = YES;
			};
			name = Release;
		};
		2B3D0F801C97B23300897426 /* Debug */ = {
			isa = XCBuildConfiguration;
			buildSettings = {
				ASSETCATALOG_COMPILER_APPICON_NAME = AppIcon;
				INFOPLIST_FILE = SWBrowser/Info.plist;
				LD_RUNPATH_SEARCH_PATHS = "$(inherited) @executable_path/Frameworks";
				PRODUCT_BUNDLE_IDENTIFIER = com.sww.SWBrowser;
				PRODUCT_NAME = "$(TARGET_NAME)";
			};
			name = Debug;
		};
		2B3D0F811C97B23300897426 /* Release */ = {
			isa = XCBuildConfiguration;
			buildSettings = {
				ASSETCATALOG_COMPILER_APPICON_NAME = AppIcon;
				INFOPLIST_FILE = SWBrowser/Info.plist;
				LD_RUNPATH_SEARCH_PATHS = "$(inherited) @executable_path/Frameworks";
				PRODUCT_BUNDLE_IDENTIFIER = com.sww.SWBrowser;
				PRODUCT_NAME = "$(TARGET_NAME)";
			};
			name = Release;
		};
		2B3D0F831C97B23300897426 /* Debug */ = {
			isa = XCBuildConfiguration;
			buildSettings = {
				BUNDLE_LOADER = "$(TEST_HOST)";
				INFOPLIST_FILE = SWBrowserTests/Info.plist;
				LD_RUNPATH_SEARCH_PATHS = "$(inherited) @executable_path/Frameworks @loader_path/Frameworks";
				PRODUCT_BUNDLE_IDENTIFIER = com.sww.SWBrowserTests;
				PRODUCT_NAME = "$(TARGET_NAME)";
				TEST_HOST = "$(BUILT_PRODUCTS_DIR)/SWBrowser.app/SWBrowser";
			};
			name = Debug;
		};
		2B3D0F841C97B23300897426 /* Release */ = {
			isa = XCBuildConfiguration;
			buildSettings = {
				BUNDLE_LOADER = "$(TEST_HOST)";
				INFOPLIST_FILE = SWBrowserTests/Info.plist;
				LD_RUNPATH_SEARCH_PATHS = "$(inherited) @executable_path/Frameworks @loader_path/Frameworks";
				PRODUCT_BUNDLE_IDENTIFIER = com.sww.SWBrowserTests;
				PRODUCT_NAME = "$(TARGET_NAME)";
				TEST_HOST = "$(BUILT_PRODUCTS_DIR)/SWBrowser.app/SWBrowser";
			};
			name = Release;
		};
		2B3D0F861C97B23300897426 /* Debug */ = {
			isa = XCBuildConfiguration;
			buildSettings = {
				INFOPLIST_FILE = SWBrowserUITests/Info.plist;
				LD_RUNPATH_SEARCH_PATHS = "$(inherited) @executable_path/Frameworks @loader_path/Frameworks";
				PRODUCT_BUNDLE_IDENTIFIER = com.sww.SWBrowserUITests;
				PRODUCT_NAME = "$(TARGET_NAME)";
				TEST_TARGET_NAME = SWBrowser;
				USES_XCTRUNNER = YES;
			};
			name = Debug;
		};
		2B3D0F871C97B23300897426 /* Release */ = {
			isa = XCBuildConfiguration;
			buildSettings = {
				INFOPLIST_FILE = SWBrowserUITests/Info.plist;
				LD_RUNPATH_SEARCH_PATHS = "$(inherited) @executable_path/Frameworks @loader_path/Frameworks";
				PRODUCT_BUNDLE_IDENTIFIER = com.sww.SWBrowserUITests;
				PRODUCT_NAME = "$(TARGET_NAME)";
				TEST_TARGET_NAME = SWBrowser;
				USES_XCTRUNNER = YES;
			};
			name = Release;
		};
/* End XCBuildConfiguration section */

/* Begin XCConfigurationList section */
		2B3D0F4D1C97B23200897426 /* Build configuration list for PBXProject "SWBrowser" */ = {
			isa = XCConfigurationList;
			buildConfigurations = (
				2B3D0F7D1C97B23300897426 /* Debug */,
				2B3D0F7E1C97B23300897426 /* Release */,
			);
			defaultConfigurationIsVisible = 0;
			defaultConfigurationName = Release;
		};
		2B3D0F7F1C97B23300897426 /* Build configuration list for PBXNativeTarget "SWBrowser" */ = {
			isa = XCConfigurationList;
			buildConfigurations = (
				2B3D0F801C97B23300897426 /* Debug */,
				2B3D0F811C97B23300897426 /* Release */,
			);
			defaultConfigurationIsVisible = 0;
		};
		2B3D0F821C97B23300897426 /* Build configuration list for PBXNativeTarget "SWBrowserTests" */ = {
			isa = XCConfigurationList;
			buildConfigurations = (
				2B3D0F831C97B23300897426 /* Debug */,
				2B3D0F841C97B23300897426 /* Release */,
			);
			defaultConfigurationIsVisible = 0;
		};
		2B3D0F851C97B23300897426 /* Build configuration list for PBXNativeTarget "SWBrowserUITests" */ = {
			isa = XCConfigurationList;
			buildConfigurations = (
				2B3D0F861C97B23300897426 /* Debug */,
				2B3D0F871C97B23300897426 /* Release */,
			);
			defaultConfigurationIsVisible = 0;
		};
/* End XCConfigurationList section */
	};
	rootObject = 2B3D0F4A1C97B23200897426 /* Project object */;
}
